
Microsoft Visual Studio Solution File, Format Version 12.00
# Visual Studio Version 16
VisualStudioVersion = 16.0.30503.244
MinimumVisualStudioVersion = 10.0.40219.1
Project("{9A19103F-16F7-4668-BE54-9A1E7A4F7556}") = "Zen.MonoGameUtilitiesTests", "MonoGameUtilitiesTests\Zen.MonoGameUtilitiesTests.csproj", "{7936DE8C-68D3-4B10-870E-99600FEA62BA}"
EndProject
Project("{9A19103F-16F7-4668-BE54-9A1E7A4F7556}") = "Zen.MonoGameUtilities", "MonoGameUtilities\Zen.MonoGameUtilities.csproj", "{1528B9D4-D56F-4757-BDE1-C7FDE213EC5D}"
EndProject
Global
	GlobalSection(SolutionConfigurationPlatforms) = preSolution
		Debug|Any CPU = Debug|Any CPU
		Release|Any CPU = Release|Any CPU
	EndGlobalSection
	GlobalSection(ProjectConfigurationPlatforms) = postSolution
		{7936DE8C-68D3-4B10-870E-99600FEA62BA}.Debug|Any CPU.ActiveCfg = Debug|Any CPU
		{7936DE8C-68D3-4B10-870E-99600FEA62BA}.Debug|Any CPU.Build.0 = Debug|Any CPU
		{7936DE8C-68D3-4B10-870E-99600FEA62BA}.Release|Any CPU.ActiveCfg = Release|Any CPU
		{7936DE8C-68D3-4B10-870E-99600FEA62BA}.Release|Any CPU.Build.0 = Release|Any CPU
		{1528B9D4-D56F-4757-BDE1-C7FDE213EC5D}.Debug|Any CPU.ActiveCfg = Debug|Any CPU
		{1528B9D4-D56F-4757-BDE1-C7FDE213EC5D}.Debug|Any CPU.Build.0 = Debug|Any CPU
		{1528B9D4-D56F-4757-BDE1-C7FDE213EC5D}.Release|Any CPU.ActiveCfg = Release|Any CPU
		{1528B9D4-D56F-4757-BDE1-C7FDE213EC5D}.Release|Any CPU.Build.0 = Release|Any CPU
	EndGlobalSection
	GlobalSection(SolutionProperties) = preSolution
		HideSolutionNode = FALSE
	EndGlobalSection
	GlobalSection(ExtensibilityGlobals) = postSolution
		SolutionGuid = {CB72B52A-FBB8-4B13-ACC6-EAF91C0C1898}
	EndGlobalSection
EndGlobal
